
Microsoft Visual Studio Solution File, Format Version 12.00
# Visual Studio Version 16
VisualStudioVersion = 16.0.31005.135
MinimumVisualStudioVersion = 10.0.40219.1
Project("{FAE04EC0-301F-11D3-BF4B-00C04F79EFBC}") = "NetCoreMVCWebAppDemo", "NetCoreMVCWebAppDemo\NetCoreMVCWebAppDemo.csproj", "{7E4F2A47-C37E-4510-A1E2-99904729F017}"
EndProject
Global
	GlobalSection(SolutionConfigurationPlatforms) = preSolution
		Debug|Any CPU = Debug|Any CPU
		Release|Any CPU = Release|Any CPU
	EndGlobalSection
	GlobalSection(ProjectConfigurationPlatforms) = postSolution
		{7E4F2A47-C37E-4510-A1E2-99904729F017}.Debug|Any CPU.ActiveCfg = Debug|Any CPU
		{7E4F2A47-C37E-4510-A1E2-99904729F017}.Debug|Any CPU.Build.0 = Debug|Any CPU
		{7E4F2A47-C37E-4510-A1E2-99904729F017}.Release|Any CPU.ActiveCfg = Release|Any CPU
		{7E4F2A47-C37E-4510-A1E2-99904729F017}.Release|Any CPU.Build.0 = Release|Any CPU
	EndGlobalSection
	GlobalSection(SolutionProperties) = preSolution
		HideSolutionNode = FALSE
	EndGlobalSection
	GlobalSection(ExtensibilityGlobals) = postSolution
		SolutionGuid = {0430ADAC-B16D-47F1-BFAC-6D5AEC332068}
	EndGlobalSection
EndGlobal
